
Microsoft Visual Studio Solution File, Format Version 12.00
# Visual Studio 15
VisualStudioVersion = 15.0.28010.2041
MinimumVisualStudioVersion = 10.0.40219.1
Project("{FAE04EC0-301F-11D3-BF4B-00C04F79EFBC}") = "FrontEnd", "TeethApp\FrontEnd.csproj", "{6CC80752-D605-45C7-9B37-5A22A4019415}"
EndProject
Project("{FAE04EC0-301F-11D3-BF4B-00C04F79EFBC}") = "Backend", "Backend\Backend.csproj", "{3B8D3C64-E1BE-4193-9740-0E664FF20B0B}"
EndProject
Global
	GlobalSection(SolutionConfigurationPlatforms) = preSolution
		Debug|Any CPU = Debug|Any CPU
		Release|Any CPU = Release|Any CPU
	EndGlobalSection
	GlobalSection(ProjectConfigurationPlatforms) = postSolution
		{6CC80752-D605-45C7-9B37-5A22A4019415}.Debug|Any CPU.ActiveCfg = Debug|Any CPU
		{6CC80752-D605-45C7-9B37-5A22A4019415}.Debug|Any CPU.Build.0 = Debug|Any CPU
		{6CC80752-D605-45C7-9B37-5A22A4019415}.Release|Any CPU.ActiveCfg = Release|Any CPU
		{6CC80752-D605-45C7-9B37-5A22A4019415}.Release|Any CPU.Build.0 = Release|Any CPU
		{3B8D3C64-E1BE-4193-9740-0E664FF20B0B}.Debug|Any CPU.ActiveCfg = Debug|Any CPU
		{3B8D3C64-E1BE-4193-9740-0E664FF20B0B}.Debug|Any CPU.Build.0 = Debug|Any CPU
		{3B8D3C64-E1BE-4193-9740-0E664FF20B0B}.Release|Any CPU.ActiveCfg = Release|Any CPU
		{3B8D3C64-E1BE-4193-9740-0E664FF20B0B}.Release|Any CPU.Build.0 = Release|Any CPU
	EndGlobalSection
	GlobalSection(SolutionProperties) = preSolution
		HideSolutionNode = FALSE
	EndGlobalSection
	GlobalSection(ExtensibilityGlobals) = postSolution
		SolutionGuid = {D879A1B0-94B4-40E8-BA00-42F04AB53BDC}
	EndGlobalSection
EndGlobal
